// !$*UTF8*$!
{
	archiveVersion = 1;
	classes = {
	};
	objectVersion = 55;
	objects = {

/* Begin PBXBuildFile section */
		3FB6126608530853DEE3F731 /* Pods_instagram.framework in Frameworks */ = {isa = PBXBuildFile; fileRef = FC5A54A9FB814726634B2485 /* Pods_instagram.framework */; };
		6D153A83F0CB668FC3E80D84 /* Pods_instagram_instagramUITests.framework in Frameworks */ = {isa = PBXBuildFile; fileRef = CB190A95185E1C2690530BDF /* Pods_instagram_instagramUITests.framework */; };
		A07A713527D6BFBA00E7A611 /* PostCell.swift in Sources */ = {isa = PBXBuildFile; fileRef = A07A713427D6BFBA00E7A611 /* PostCell.swift */; };
		A092840B27D069DD00FAD423 /* AppDelegate.swift in Sources */ = {isa = PBXBuildFile; fileRef = A092840A27D069DD00FAD423 /* AppDelegate.swift */; };
		A092840D27D069DD00FAD423 /* SceneDelegate.swift in Sources */ = {isa = PBXBuildFile; fileRef = A092840C27D069DD00FAD423 /* SceneDelegate.swift */; };
		A092841227D069DD00FAD423 /* Main.storyboard in Resources */ = {isa = PBXBuildFile; fileRef = A092841027D069DD00FAD423 /* Main.storyboard */; };
		A092841427D069DF00FAD423 /* Assets.xcassets in Resources */ = {isa = PBXBuildFile; fileRef = A092841327D069DF00FAD423 /* Assets.xcassets */; };
		A092841727D069DF00FAD423 /* LaunchScreen.storyboard in Resources */ = {isa = PBXBuildFile; fileRef = A092841527D069DF00FAD423 /* LaunchScreen.storyboard */; };
		A092842227D069DF00FAD423 /* instagramTests.swift in Sources */ = {isa = PBXBuildFile; fileRef = A092842127D069DF00FAD423 /* instagramTests.swift */; };
		A092842C27D069DF00FAD423 /* instagramUITests.swift in Sources */ = {isa = PBXBuildFile; fileRef = A092842B27D069DF00FAD423 /* instagramUITests.swift */; };
		A092842E27D069DF00FAD423 /* instagramUITestsLaunchTests.swift in Sources */ = {isa = PBXBuildFile; fileRef = A092842D27D069DF00FAD423 /* instagramUITestsLaunchTests.swift */; };
		A092843B27D2C63B00FAD423 /* LoginViewController.swift in Sources */ = {isa = PBXBuildFile; fileRef = A092843A27D2C63B00FAD423 /* LoginViewController.swift */; };
		A092843D27D2C64A00FAD423 /* FeedViewController.swift in Sources */ = {isa = PBXBuildFile; fileRef = A092843C27D2C64A00FAD423 /* FeedViewController.swift */; };
		A0CDF5FD27D2E38D0045F397 /* keys.xcconfig in Resources */ = {isa = PBXBuildFile; fileRef = A0CDF5FC27D2E38D0045F397 /* keys.xcconfig */; };
		A0CDF5FF27D2E8540045F397 /* CameraViewController.swift in Sources */ = {isa = PBXBuildFile; fileRef = A0CDF5FE27D2E8540045F397 /* CameraViewController.swift */; };
		C16C87C3E2F7E2AF51358864 /* Pods_instagramTests.framework in Frameworks */ = {isa = PBXBuildFile; fileRef = 50975BC52C19004D27FD0863 /* Pods_instagramTests.framework */; };
/* End PBXBuildFile section */

/* Begin PBXContainerItemProxy section */
		A092841E27D069DF00FAD423 /* PBXContainerItemProxy */ = {
			isa = PBXContainerItemProxy;
			containerPortal = A09283FF27D069DD00FAD423 /* Project object */;
			proxyType = 1;
			remoteGlobalIDString = A092840627D069DD00FAD423;
			remoteInfo = instagram;
		};
		A092842827D069DF00FAD423 /* PBXContainerItemProxy */ = {
			isa = PBXContainerItemProxy;
			containerPortal = A09283FF27D069DD00FAD423 /* Project object */;
			proxyType = 1;
			remoteGlobalIDString = A092840627D069DD00FAD423;
			remoteInfo = instagram;
		};
/* End PBXContainerItemProxy section */

/* Begin PBXFileReference section */
		34D35B5936A1CE1F90139598 /* Pods-instagram-instagramUITests.debug.xcconfig */ = {isa = PBXFileReference; includeInIndex = 1; lastKnownFileType = text.xcconfig; name = "Pods-instagram-instagramUITests.debug.xcconfig"; path = "Target Support Files/Pods-instagram-instagramUITests/Pods-instagram-instagramUITests.debug.xcconfig"; sourceTree = "<group>"; };
		50975BC52C19004D27FD0863 /* Pods_instagramTests.framework */ = {isa = PBXFileReference; explicitFileType = wrapper.framework; includeInIndex = 0; path = Pods_instagramTests.framework; sourceTree = BUILT_PRODUCTS_DIR; };
		58F314C85E653EF792C9AE55 /* Pods-instagramTests.debug.xcconfig */ = {isa = PBXFileReference; includeInIndex = 1; lastKnownFileType = text.xcconfig; name = "Pods-instagramTests.debug.xcconfig"; path = "Target Support Files/Pods-instagramTests/Pods-instagramTests.debug.xcconfig"; sourceTree = "<group>"; };
		7B4C4C38921745143BD6667D /* Pods-instagram-instagramUITests.release.xcconfig */ = {isa = PBXFileReference; includeInIndex = 1; lastKnownFileType = text.xcconfig; name = "Pods-instagram-instagramUITests.release.xcconfig"; path = "Target Support Files/Pods-instagram-instagramUITests/Pods-instagram-instagramUITests.release.xcconfig"; sourceTree = "<group>"; };
		A07A713427D6BFBA00E7A611 /* PostCell.swift */ = {isa = PBXFileReference; lastKnownFileType = sourcecode.swift; path = PostCell.swift; sourceTree = "<group>"; };
		A092840727D069DD00FAD423 /* instagram.app */ = {isa = PBXFileReference; explicitFileType = wrapper.application; includeInIndex = 0; path = instagram.app; sourceTree = BUILT_PRODUCTS_DIR; };
		A092840A27D069DD00FAD423 /* AppDelegate.swift */ = {isa = PBXFileReference; lastKnownFileType = sourcecode.swift; path = AppDelegate.swift; sourceTree = "<group>"; };
		A092840C27D069DD00FAD423 /* SceneDelegate.swift */ = {isa = PBXFileReference; lastKnownFileType = sourcecode.swift; path = SceneDelegate.swift; sourceTree = "<group>"; };
		A092841127D069DD00FAD423 /* Base */ = {isa = PBXFileReference; lastKnownFileType = file.storyboard; name = Base; path = Base.lproj/Main.storyboard; sourceTree = "<group>"; };
		A092841327D069DF00FAD423 /* Assets.xcassets */ = {isa = PBXFileReference; lastKnownFileType = folder.assetcatalog; path = Assets.xcassets; sourceTree = "<group>"; };
		A092841627D069DF00FAD423 /* Base */ = {isa = PBXFileReference; lastKnownFileType = file.storyboard; name = Base; path = Base.lproj/LaunchScreen.storyboard; sourceTree = "<group>"; };
		A092841827D069DF00FAD423 /* Info.plist */ = {isa = PBXFileReference; lastKnownFileType = text.plist.xml; path = Info.plist; sourceTree = "<group>"; };
		A092841D27D069DF00FAD423 /* instagramTests.xctest */ = {isa = PBXFileReference; explicitFileType = wrapper.cfbundle; includeInIndex = 0; path = instagramTests.xctest; sourceTree = BUILT_PRODUCTS_DIR; };
		A092842127D069DF00FAD423 /* instagramTests.swift */ = {isa = PBXFileReference; lastKnownFileType = sourcecode.swift; path = instagramTests.swift; sourceTree = "<group>"; };
		A092842727D069DF00FAD423 /* instagramUITests.xctest */ = {isa = PBXFileReference; explicitFileType = wrapper.cfbundle; includeInIndex = 0; path = instagramUITests.xctest; sourceTree = BUILT_PRODUCTS_DIR; };
		A092842B27D069DF00FAD423 /* instagramUITests.swift */ = {isa = PBXFileReference; lastKnownFileType = sourcecode.swift; path = instagramUITests.swift; sourceTree = "<group>"; };
		A092842D27D069DF00FAD423 /* instagramUITestsLaunchTests.swift */ = {isa = PBXFileReference; lastKnownFileType = sourcecode.swift; path = instagramUITestsLaunchTests.swift; sourceTree = "<group>"; };
		A092843A27D2C63B00FAD423 /* LoginViewController.swift */ = {isa = PBXFileReference; lastKnownFileType = sourcecode.swift; path = LoginViewController.swift; sourceTree = "<group>"; };
		A092843C27D2C64A00FAD423 /* FeedViewController.swift */ = {isa = PBXFileReference; lastKnownFileType = sourcecode.swift; path = FeedViewController.swift; sourceTree = "<group>"; };
		A0CDF5FC27D2E38D0045F397 /* keys.xcconfig */ = {isa = PBXFileReference; fileEncoding = 4; lastKnownFileType = text.xcconfig; path = keys.xcconfig; sourceTree = "<group>"; };
		A0CDF5FE27D2E8540045F397 /* CameraViewController.swift */ = {isa = PBXFileReference; lastKnownFileType = sourcecode.swift; path = CameraViewController.swift; sourceTree = "<group>"; };
		CB190A95185E1C2690530BDF /* Pods_instagram_instagramUITests.framework */ = {isa = PBXFileReference; explicitFileType = wrapper.framework; includeInIndex = 0; path = Pods_instagram_instagramUITests.framework; sourceTree = BUILT_PRODUCTS_DIR; };
		D00AF0368109F057720CCE93 /* Pods-instagram.debug.xcconfig */ = {isa = PBXFileReference; includeInIndex = 1; lastKnownFileType = text.xcconfig; name = "Pods-instagram.debug.xcconfig"; path = "Target Support Files/Pods-instagram/Pods-instagram.debug.xcconfig"; sourceTree = "<group>"; };
		D5C39E1BCEEC279CF716F49C /* Pods-instagramTests.release.xcconfig */ = {isa = PBXFileReference; includeInIndex = 1; lastKnownFileType = text.xcconfig; name = "Pods-instagramTests.release.xcconfig"; path = "Target Support Files/Pods-instagramTests/Pods-instagramTests.release.xcconfig"; sourceTree = "<group>"; };
		FC5A54A9FB814726634B2485 /* Pods_instagram.framework */ = {isa = PBXFileReference; explicitFileType = wrapper.framework; includeInIndex = 0; path = Pods_instagram.framework; sourceTree = BUILT_PRODUCTS_DIR; };
		FFCCD6D601501548CF20E1C3 /* Pods-instagram.release.xcconfig */ = {isa = PBXFileReference; includeInIndex = 1; lastKnownFileType = text.xcconfig; name = "Pods-instagram.release.xcconfig"; path = "Target Support Files/Pods-instagram/Pods-instagram.release.xcconfig"; sourceTree = "<group>"; };
/* End PBXFileReference section */

/* Begin PBXFrameworksBuildPhase section */
		A092840427D069DD00FAD423 /* Frameworks */ = {
			isa = PBXFrameworksBuildPhase;
			buildActionMask = 2147483647;
			files = (
				3FB6126608530853DEE3F731 /* Pods_instagram.framework in Frameworks */,
			);
			runOnlyForDeploymentPostprocessing = 0;
		};
		A092841A27D069DF00FAD423 /* Frameworks */ = {
			isa = PBXFrameworksBuildPhase;
			buildActionMask = 2147483647;
			files = (
				C16C87C3E2F7E2AF51358864 /* Pods_instagramTests.framework in Frameworks */,
			);
			runOnlyForDeploymentPostprocessing = 0;
		};
		A092842427D069DF00FAD423 /* Frameworks */ = {
			isa = PBXFrameworksBuildPhase;
			buildActionMask = 2147483647;
			files = (
				6D153A83F0CB668FC3E80D84 /* Pods_instagram_instagramUITests.framework in Frameworks */,
			);
			runOnlyForDeploymentPostprocessing = 0;
		};
/* End PBXFrameworksBuildPhase section */

/* Begin PBXGroup section */
		3DA01AAE1B3193618446E615 /* Frameworks */ = {
			isa = PBXGroup;
			children = (
				FC5A54A9FB814726634B2485 /* Pods_instagram.framework */,
				CB190A95185E1C2690530BDF /* Pods_instagram_instagramUITests.framework */,
				50975BC52C19004D27FD0863 /* Pods_instagramTests.framework */,
			);
			name = Frameworks;
			sourceTree = "<group>";
		};
		7C777E112A72F77C81ACD762 /* Pods */ = {
			isa = PBXGroup;
			children = (
				D00AF0368109F057720CCE93 /* Pods-instagram.debug.xcconfig */,
				FFCCD6D601501548CF20E1C3 /* Pods-instagram.release.xcconfig */,
				34D35B5936A1CE1F90139598 /* Pods-instagram-instagramUITests.debug.xcconfig */,
				7B4C4C38921745143BD6667D /* Pods-instagram-instagramUITests.release.xcconfig */,
				58F314C85E653EF792C9AE55 /* Pods-instagramTests.debug.xcconfig */,
				D5C39E1BCEEC279CF716F49C /* Pods-instagramTests.release.xcconfig */,
			);
			path = Pods;
			sourceTree = "<group>";
		};
		A09283FE27D069DD00FAD423 = {
			isa = PBXGroup;
			children = (
				A0CDF5FC27D2E38D0045F397 /* keys.xcconfig */,
				A092840927D069DD00FAD423 /* instagram */,
				A092842027D069DF00FAD423 /* instagramTests */,
				A092842A27D069DF00FAD423 /* instagramUITests */,
				A092840827D069DD00FAD423 /* Products */,
				7C777E112A72F77C81ACD762 /* Pods */,
				3DA01AAE1B3193618446E615 /* Frameworks */,
			);
			sourceTree = "<group>";
		};
		A092840827D069DD00FAD423 /* Products */ = {
			isa = PBXGroup;
			children = (
				A092840727D069DD00FAD423 /* instagram.app */,
				A092841D27D069DF00FAD423 /* instagramTests.xctest */,
				A092842727D069DF00FAD423 /* instagramUITests.xctest */,
			);
			name = Products;
			sourceTree = "<group>";
		};
		A092840927D069DD00FAD423 /* instagram */ = {
			isa = PBXGroup;
			children = (
				A092840A27D069DD00FAD423 /* AppDelegate.swift */,
				A092840C27D069DD00FAD423 /* SceneDelegate.swift */,
				A092841027D069DD00FAD423 /* Main.storyboard */,
				A092841327D069DF00FAD423 /* Assets.xcassets */,
				A092841527D069DF00FAD423 /* LaunchScreen.storyboard */,
				A092841827D069DF00FAD423 /* Info.plist */,
				A092843A27D2C63B00FAD423 /* LoginViewController.swift */,
				A092843C27D2C64A00FAD423 /* FeedViewController.swift */,
				A0CDF5FE27D2E8540045F397 /* CameraViewController.swift */,
				A07A713427D6BFBA00E7A611 /* PostCell.swift */,
			);
			path = instagram;
			sourceTree = "<group>";
		};
		A092842027D069DF00FAD423 /* instagramTests */ = {
			isa = PBXGroup;
			children = (
				A092842127D069DF00FAD423 /* instagramTests.swift */,
			);
			path = instagramTests;
			sourceTree = "<group>";
		};
		A092842A27D069DF00FAD423 /* instagramUITests */ = {
			isa = PBXGroup;
			children = (
				A092842B27D069DF00FAD423 /* instagramUITests.swift */,
				A092842D27D069DF00FAD423 /* instagramUITestsLaunchTests.swift */,
			);
			path = instagramUITests;
			sourceTree = "<group>";
		};
/* End PBXGroup section */

/* Begin PBXNativeTarget section */
		A092840627D069DD00FAD423 /* instagram */ = {
			isa = PBXNativeTarget;
			buildConfigurationList = A092843127D069DF00FAD423 /* Build configuration list for PBXNativeTarget "instagram" */;
			buildPhases = (
				946B681334DF6E226A7EAD66 /* [CP] Check Pods Manifest.lock */,
				A092840327D069DD00FAD423 /* Sources */,
				A092840427D069DD00FAD423 /* Frameworks */,
				A092840527D069DD00FAD423 /* Resources */,
				6818B91089A72B4A047EA2EC /* [CP] Embed Pods Frameworks */,
			);
			buildRules = (
			);
			dependencies = (
			);
			name = instagram;
			productName = instagram;
			productReference = A092840727D069DD00FAD423 /* instagram.app */;
			productType = "com.apple.product-type.application";
		};
		A092841C27D069DF00FAD423 /* instagramTests */ = {
			isa = PBXNativeTarget;
			buildConfigurationList = A092843427D069DF00FAD423 /* Build configuration list for PBXNativeTarget "instagramTests" */;
			buildPhases = (
				06C970B1F56B76E5CEC812A3 /* [CP] Check Pods Manifest.lock */,
				A092841927D069DF00FAD423 /* Sources */,
				A092841A27D069DF00FAD423 /* Frameworks */,
				A092841B27D069DF00FAD423 /* Resources */,
				CF591A9D9A3D28C26F3CBEF7 /* [CP] Embed Pods Frameworks */,
			);
			buildRules = (
			);
			dependencies = (
				A092841F27D069DF00FAD423 /* PBXTargetDependency */,
			);
			name = instagramTests;
			productName = instagramTests;
			productReference = A092841D27D069DF00FAD423 /* instagramTests.xctest */;
			productType = "com.apple.product-type.bundle.unit-test";
		};
		A092842627D069DF00FAD423 /* instagramUITests */ = {
			isa = PBXNativeTarget;
			buildConfigurationList = A092843727D069DF00FAD423 /* Build configuration list for PBXNativeTarget "instagramUITests" */;
			buildPhases = (
				BA02F0AD2C0203E9312282BD /* [CP] Check Pods Manifest.lock */,
				A092842327D069DF00FAD423 /* Sources */,
				A092842427D069DF00FAD423 /* Frameworks */,
				A092842527D069DF00FAD423 /* Resources */,
				AB7B7634805E774D8435C4CE /* [CP] Embed Pods Frameworks */,
			);
			buildRules = (
			);
			dependencies = (
				A092842927D069DF00FAD423 /* PBXTargetDependency */,
			);
			name = instagramUITests;
			productName = instagramUITests;
			productReference = A092842727D069DF00FAD423 /* instagramUITests.xctest */;
			productType = "com.apple.product-type.bundle.ui-testing";
		};
/* End PBXNativeTarget section */

/* Begin PBXProject section */
		A09283FF27D069DD00FAD423 /* Project object */ = {
			isa = PBXProject;
			attributes = {
				BuildIndependentTargetsInParallel = 1;
				LastSwiftUpdateCheck = 1320;
				LastUpgradeCheck = 1320;
				TargetAttributes = {
					A092840627D069DD00FAD423 = {
						CreatedOnToolsVersion = 13.2.1;
					};
					A092841C27D069DF00FAD423 = {
						CreatedOnToolsVersion = 13.2.1;
						TestTargetID = A092840627D069DD00FAD423;
					};
					A092842627D069DF00FAD423 = {
						CreatedOnToolsVersion = 13.2.1;
						TestTargetID = A092840627D069DD00FAD423;
					};
				};
			};
			buildConfigurationList = A092840227D069DD00FAD423 /* Build configuration list for PBXProject "instagram" */;
			compatibilityVersion = "Xcode 13.0";
			developmentRegion = en;
			hasScannedForEncodings = 0;
			knownRegions = (
				en,
				Base,
			);
			mainGroup = A09283FE27D069DD00FAD423;
			productRefGroup = A092840827D069DD00FAD423 /* Products */;
			projectDirPath = "";
			projectRoot = "";
			targets = (
				A092840627D069DD00FAD423 /* instagram */,
				A092841C27D069DF00FAD423 /* instagramTests */,
				A092842627D069DF00FAD423 /* instagramUITests */,
			);
		};
/* End PBXProject section */

/* Begin PBXResourcesBuildPhase section */
		A092840527D069DD00FAD423 /* Resources */ = {
			isa = PBXResourcesBuildPhase;
			buildActionMask = 2147483647;
			files = (
				A0CDF5FD27D2E38D0045F397 /* keys.xcconfig in Resources */,
				A092841727D069DF00FAD423 /* LaunchScreen.storyboard in Resources */,
				A092841427D069DF00FAD423 /* Assets.xcassets in Resources */,
				A092841227D069DD00FAD423 /* Main.storyboard in Resources */,
			);
			runOnlyForDeploymentPostprocessing = 0;
		};
		A092841B27D069DF00FAD423 /* Resources */ = {
			isa = PBXResourcesBuildPhase;
			buildActionMask = 2147483647;
			files = (
			);
			runOnlyForDeploymentPostprocessing = 0;
		};
		A092842527D069DF00FAD423 /* Resources */ = {
			isa = PBXResourcesBuildPhase;
			buildActionMask = 2147483647;
			files = (
			);
			runOnlyForDeploymentPostprocessing = 0;
		};
/* End PBXResourcesBuildPhase section */

/* Begin PBXShellScriptBuildPhase section */
		06C970B1F56B76E5CEC812A3 /* [CP] Check Pods Manifest.lock */ = {
			isa = PBXShellScriptBuildPhase;
			buildActionMask = 2147483647;
			files = (
			);
			inputFileListPaths = (
			);
			inputPaths = (
				"${PODS_PODFILE_DIR_PATH}/Podfile.lock",
				"${PODS_ROOT}/Manifest.lock",
			);
			name = "[CP] Check Pods Manifest.lock";
			outputFileListPaths = (
			);
			outputPaths = (
				"$(DERIVED_FILE_DIR)/Pods-instagramTests-checkManifestLockResult.txt",
			);
			runOnlyForDeploymentPostprocessing = 0;
			shellPath = /bin/sh;
			shellScript = "diff \"${PODS_PODFILE_DIR_PATH}/Podfile.lock\" \"${PODS_ROOT}/Manifest.lock\" > /dev/null\nif [ $? != 0 ] ; then\n    # print error to STDERR\n    echo \"error: The sandbox is not in sync with the Podfile.lock. Run 'pod install' or update your CocoaPods installation.\" >&2\n    exit 1\nfi\n# This output is used by Xcode 'outputs' to avoid re-running this script phase.\necho \"SUCCESS\" > \"${SCRIPT_OUTPUT_FILE_0}\"\n";
			showEnvVarsInLog = 0;
		};
		6818B91089A72B4A047EA2EC /* [CP] Embed Pods Frameworks */ = {
			isa = PBXShellScriptBuildPhase;
			buildActionMask = 2147483647;
			files = (
			);
			inputFileListPaths = (
				"${PODS_ROOT}/Target Support Files/Pods-instagram/Pods-instagram-frameworks-${CONFIGURATION}-input-files.xcfilelist",
			);
			name = "[CP] Embed Pods Frameworks";
			outputFileListPaths = (
				"${PODS_ROOT}/Target Support Files/Pods-instagram/Pods-instagram-frameworks-${CONFIGURATION}-output-files.xcfilelist",
			);
			runOnlyForDeploymentPostprocessing = 0;
			shellPath = /bin/sh;
			shellScript = "\"${PODS_ROOT}/Target Support Files/Pods-instagram/Pods-instagram-frameworks.sh\"\n";
			showEnvVarsInLog = 0;
		};
		946B681334DF6E226A7EAD66 /* [CP] Check Pods Manifest.lock */ = {
			isa = PBXShellScriptBuildPhase;
			buildActionMask = 2147483647;
			files = (
			);
			inputFileListPaths = (
			);
			inputPaths = (
				"${PODS_PODFILE_DIR_PATH}/Podfile.lock",
				"${PODS_ROOT}/Manifest.lock",
			);
			name = "[CP] Check Pods Manifest.lock";
			outputFileListPaths = (
			);
			outputPaths = (
				"$(DERIVED_FILE_DIR)/Pods-instagram-checkManifestLockResult.txt",
			);
			runOnlyForDeploymentPostprocessing = 0;
			shellPath = /bin/sh;
			shellScript = "diff \"${PODS_PODFILE_DIR_PATH}/Podfile.lock\" \"${PODS_ROOT}/Manifest.lock\" > /dev/null\nif [ $? != 0 ] ; then\n    # print error to STDERR\n    echo \"error: The sandbox is not in sync with the Podfile.lock. Run 'pod install' or update your CocoaPods installation.\" >&2\n    exit 1\nfi\n# This output is used by Xcode 'outputs' to avoid re-running this script phase.\necho \"SUCCESS\" > \"${SCRIPT_OUTPUT_FILE_0}\"\n";
			showEnvVarsInLog = 0;
		};
		AB7B7634805E774D8435C4CE /* [CP] Embed Pods Frameworks */ = {
			isa = PBXShellScriptBuildPhase;
			buildActionMask = 2147483647;
			files = (
			);
			inputFileListPaths = (
				"${PODS_ROOT}/Target Support Files/Pods-instagram-instagramUITests/Pods-instagram-instagramUITests-frameworks-${CONFIGURATION}-input-files.xcfilelist",
			);
			name = "[CP] Embed Pods Frameworks";
			outputFileListPaths = (
				"${PODS_ROOT}/Target Support Files/Pods-instagram-instagramUITests/Pods-instagram-instagramUITests-frameworks-${CONFIGURATION}-output-files.xcfilelist",
			);
			runOnlyForDeploymentPostprocessing = 0;
			shellPath = /bin/sh;
			shellScript = "\"${PODS_ROOT}/Target Support Files/Pods-instagram-instagramUITests/Pods-instagram-instagramUITests-frameworks.sh\"\n";
			showEnvVarsInLog = 0;
		};
		BA02F0AD2C0203E9312282BD /* [CP] Check Pods Manifest.lock */ = {
			isa = PBXShellScriptBuildPhase;
			buildActionMask = 2147483647;
			files = (
			);
			inputFileListPaths = (
			);
			inputPaths = (
				"${PODS_PODFILE_DIR_PATH}/Podfile.lock",
				"${PODS_ROOT}/Manifest.lock",
			);
			name = "[CP] Check Pods Manifest.lock";
			outputFileListPaths = (
			);
			outputPaths = (
				"$(DERIVED_FILE_DIR)/Pods-instagram-instagramUITests-checkManifestLockResult.txt",
			);
			runOnlyForDeploymentPostprocessing = 0;
			shellPath = /bin/sh;
			shellScript = "diff \"${PODS_PODFILE_DIR_PATH}/Podfile.lock\" \"${PODS_ROOT}/Manifest.lock\" > /dev/null\nif [ $? != 0 ] ; then\n    # print error to STDERR\n    echo \"error: The sandbox is not in sync with the Podfile.lock. Run 'pod install' or update your CocoaPods installation.\" >&2\n    exit 1\nfi\n# This output is used by Xcode 'outputs' to avoid re-running this script phase.\necho \"SUCCESS\" > \"${SCRIPT_OUTPUT_FILE_0}\"\n";
			showEnvVarsInLog = 0;
		};
		CF591A9D9A3D28C26F3CBEF7 /* [CP] Embed Pods Frameworks */ = {
			isa = PBXShellScriptBuildPhase;
			buildActionMask = 2147483647;
			files = (
			);
			inputFileListPaths = (
				"${PODS_ROOT}/Target Support Files/Pods-instagramTests/Pods-instagramTests-frameworks-${CONFIGURATION}-input-files.xcfilelist",
			);
			name = "[CP] Embed Pods Frameworks";
			outputFileListPaths = (
				"${PODS_ROOT}/Target Support Files/Pods-instagramTests/Pods-instagramTests-frameworks-${CONFIGURATION}-output-files.xcfilelist",
			);
			runOnlyForDeploymentPostprocessing = 0;
			shellPath = /bin/sh;
			shellScript = "\"${PODS_ROOT}/Target Support Files/Pods-instagramTests/Pods-instagramTests-frameworks.sh\"\n";
			showEnvVarsInLog = 0;
		};
/* End PBXShellScriptBuildPhase section */

/* Begin PBXSourcesBuildPhase section */
		A092840327D069DD00FAD423 /* Sources */ = {
			isa = PBXSourcesBuildPhase;
			buildActionMask = 2147483647;
			files = (
				A092843B27D2C63B00FAD423 /* LoginViewController.swift in Sources */,
				A0CDF5FF27D2E8540045F397 /* CameraViewController.swift in Sources */,
				A092840B27D069DD00FAD423 /* AppDelegate.swift in Sources */,
				A092843D27D2C64A00FAD423 /* FeedViewController.swift in Sources */,
				A092840D27D069DD00FAD423 /* SceneDelegate.swift in Sources */,
				A07A713527D6BFBA00E7A611 /* PostCell.swift in Sources */,
			);
			runOnlyForDeploymentPostprocessing = 0;
		};
		A092841927D069DF00FAD423 /* Sources */ = {
			isa = PBXSourcesBuildPhase;
			buildActionMask = 2147483647;
			files = (
				A092842227D069DF00FAD423 /* instagramTests.swift in Sources */,
			);
			runOnlyForDeploymentPostprocessing = 0;
		};
		A092842327D069DF00FAD423 /* Sources */ = {
			isa = PBXSourcesBuildPhase;
			buildActionMask = 2147483647;
			files = (
				A092842C27D069DF00FAD423 /* instagramUITests.swift in Sources */,
				A092842E27D069DF00FAD423 /* instagramUITestsLaunchTests.swift in Sources */,
			);
			runOnlyForDeploymentPostprocessing = 0;
		};
/* End PBXSourcesBuildPhase section */

/* Begin PBXTargetDependency section */
		A092841F27D069DF00FAD423 /* PBXTargetDependency */ = {
			isa = PBXTargetDependency;
			target = A092840627D069DD00FAD423 /* instagram */;
			targetProxy = A092841E27D069DF00FAD423 /* PBXContainerItemProxy */;
		};
		A092842927D069DF00FAD423 /* PBXTargetDependency */ = {
			isa = PBXTargetDependency;
			target = A092840627D069DD00FAD423 /* instagram */;
			targetProxy = A092842827D069DF00FAD423 /* PBXContainerItemProxy */;
		};
/* End PBXTargetDependency section */

/* Begin PBXVariantGroup section */
		A092841027D069DD00FAD423 /* Main.storyboard */ = {
			isa = PBXVariantGroup;
			children = (
				A092841127D069DD00FAD423 /* Base */,
			);
			name = Main.storyboard;
			sourceTree = "<group>";
		};
		A092841527D069DF00FAD423 /* LaunchScreen.storyboard */ = {
			isa = PBXVariantGroup;
			children = (
				A092841627D069DF00FAD423 /* Base */,
			);
			name = LaunchScreen.storyboard;
			sourceTree = "<group>";
		};
/* End PBXVariantGroup section */

/* Begin XCBuildConfiguration section */
		A092842F27D069DF00FAD423 /* Debug */ = {
			isa = XCBuildConfiguration;
			baseConfigurationReference = A0CDF5FC27D2E38D0045F397 /* keys.xcconfig */;
			buildSettings = {
				ALWAYS_SEARCH_USER_PATHS = NO;
				CLANG_ANALYZER_NONNULL = YES;
				CLANG_ANALYZER_NUMBER_OBJECT_CONVERSION = YES_AGGRESSIVE;
				CLANG_CXX_LANGUAGE_STANDARD = "gnu++17";
				CLANG_CXX_LIBRARY = "libc++";
				CLANG_ENABLE_MODULES = YES;
				CLANG_ENABLE_OBJC_ARC = YES;
				CLANG_ENABLE_OBJC_WEAK = YES;
				CLANG_WARN_BLOCK_CAPTURE_AUTORELEASING = YES;
				CLANG_WARN_BOOL_CONVERSION = YES;
				CLANG_WARN_COMMA = YES;
				CLANG_WARN_CONSTANT_CONVERSION = YES;
				CLANG_WARN_DEPRECATED_OBJC_IMPLEMENTATIONS = YES;
				CLANG_WARN_DIRECT_OBJC_ISA_USAGE = YES_ERROR;
				CLANG_WARN_DOCUMENTATION_COMMENTS = YES;
				CLANG_WARN_EMPTY_BODY = YES;
				CLANG_WARN_ENUM_CONVERSION = YES;
				CLANG_WARN_INFINITE_RECURSION = YES;
				CLANG_WARN_INT_CONVERSION = YES;
				CLANG_WARN_NON_LITERAL_NULL_CONVERSION = YES;
				CLANG_WARN_OBJC_IMPLICIT_RETAIN_SELF = YES;
				CLANG_WARN_OBJC_LITERAL_CONVERSION = YES;
				CLANG_WARN_OBJC_ROOT_CLASS = YES_ERROR;
				CLANG_WARN_QUOTED_INCLUDE_IN_FRAMEWORK_HEADER = YES;
				CLANG_WARN_RANGE_LOOP_ANALYSIS = YES;
				CLANG_WARN_STRICT_PROTOTYPES = YES;
				CLANG_WARN_SUSPICIOUS_MOVE = YES;
				CLANG_WARN_UNGUARDED_AVAILABILITY = YES_AGGRESSIVE;
				CLANG_WARN_UNREACHABLE_CODE = YES;
				CLANG_WARN__DUPLICATE_METHOD_MATCH = YES;
				COPY_PHASE_STRIP = NO;
				DEBUG_INFORMATION_FORMAT = dwarf;
				ENABLE_STRICT_OBJC_MSGSEND = YES;
				ENABLE_TESTABILITY = YES;
				GCC_C_LANGUAGE_STANDARD = gnu11;
				GCC_DYNAMIC_NO_PIC = NO;
				GCC_NO_COMMON_BLOCKS = YES;
				GCC_OPTIMIZATION_LEVEL = 0;
				GCC_PREPROCESSOR_DEFINITIONS = (
					"DEBUG=1",
					"$(inherited)",
				);
				GCC_WARN_64_TO_32_BIT_CONVERSION = YES;
				GCC_WARN_ABOUT_RETURN_TYPE = YES_ERROR;
				GCC_WARN_UNDECLARED_SELECTOR = YES;
				GCC_WARN_UNINITIALIZED_AUTOS = YES_AGGRESSIVE;
				GCC_WARN_UNUSED_FUNCTION = YES;
				GCC_WARN_UNUSED_VARIABLE = YES;
				IPHONEOS_DEPLOYMENT_TARGET = 15.2;
				MTL_ENABLE_DEBUG_INFO = INCLUDE_SOURCE;
				MTL_FAST_MATH = YES;
				ONLY_ACTIVE_ARCH = YES;
				SDKROOT = iphoneos;
				SWIFT_ACTIVE_COMPILATION_CONDITIONS = DEBUG;
				SWIFT_OPTIMIZATION_LEVEL = "-Onone";
			};
			name = Debug;
		};
		A092843027D069DF00FAD423 /* Release */ = {
			isa = XCBuildConfiguration;
			baseConfigurationReference = A0CDF5FC27D2E38D0045F397 /* keys.xcconfig */;
			buildSettings = {
				ALWAYS_SEARCH_USER_PATHS = NO;
				CLANG_ANALYZER_NONNULL = YES;
				CLANG_ANALYZER_NUMBER_OBJECT_CONVERSION = YES_AGGRESSIVE;
				CLANG_CXX_LANGUAGE_STANDARD = "gnu++17";
				CLANG_CXX_LIBRARY = "libc++";
				CLANG_ENABLE_MODULES = YES;
				CLANG_ENABLE_OBJC_ARC = YES;
				CLANG_ENABLE_OBJC_WEAK = YES;
				CLANG_WARN_BLOCK_CAPTURE_AUTORELEASING = YES;
				CLANG_WARN_BOOL_CONVERSION = YES;
				CLANG_WARN_COMMA = YES;
				CLANG_WARN_CONSTANT_CONVERSION = YES;
				CLANG_WARN_DEPRECATED_OBJC_IMPLEMENTATIONS = YES;
				CLANG_WARN_DIRECT_OBJC_ISA_USAGE = YES_ERROR;
				CLANG_WARN_DOCUMENTATION_COMMENTS = YES;
				CLANG_WARN_EMPTY_BODY = YES;
				CLANG_WARN_ENUM_CONVERSION = YES;
				CLANG_WARN_INFINITE_RECURSION = YES;
				CLANG_WARN_INT_CONVERSION = YES;
				CLANG_WARN_NON_LITERAL_NULL_CONVERSION = YES;
				CLANG_WARN_OBJC_IMPLICIT_RETAIN_SELF = YES;
				CLANG_WARN_OBJC_LITERAL_CONVERSION = YES;
				CLANG_WARN_OBJC_ROOT_CLASS = YES_ERROR;
				CLANG_WARN_QUOTED_INCLUDE_IN_FRAMEWORK_HEADER = YES;
				CLANG_WARN_RANGE_LOOP_ANALYSIS = YES;
				CLANG_WARN_STRICT_PROTOTYPES = YES;
				CLANG_WARN_SUSPICIOUS_MOVE = YES;
				CLANG_WARN_UNGUARDED_AVAILABILITY = YES_AGGRESSIVE;
				CLANG_WARN_UNREACHABLE_CODE = YES;
				CLANG_WARN__DUPLICATE_METHOD_MATCH = YES;
				COPY_PHASE_STRIP = NO;
				DEBUG_INFORMATION_FORMAT = "dwarf-with-dsym";
				ENABLE_NS_ASSERTIONS = NO;
				ENABLE_STRICT_OBJC_MSGSEND = YES;
				GCC_C_LANGUAGE_STANDARD = gnu11;
				GCC_NO_COMMON_BLOCKS = YES;
				GCC_WARN_64_TO_32_BIT_CONVERSION = YES;
				GCC_WARN_ABOUT_RETURN_TYPE = YES_ERROR;
				GCC_WARN_UNDECLARED_SELECTOR = YES;
				GCC_WARN_UNINITIALIZED_AUTOS = YES_AGGRESSIVE;
				GCC_WARN_UNUSED_FUNCTION = YES;
				GCC_WARN_UNUSED_VARIABLE = YES;
				IPHONEOS_DEPLOYMENT_TARGET = 15.2;
				MTL_ENABLE_DEBUG_INFO = NO;
				MTL_FAST_MATH = YES;
				SDKROOT = iphoneos;
				SWIFT_COMPILATION_MODE = wholemodule;
				SWIFT_OPTIMIZATION_LEVEL = "-O";
				VALIDATE_PRODUCT = YES;
			};
			name = Release;
		};
		A092843227D069DF00FAD423 /* Debug */ = {
			isa = XCBuildConfiguration;
			baseConfigurationReference = D00AF0368109F057720CCE93 /* Pods-instagram.debug.xcconfig */;
			buildSettings = {
				ASSETCATALOG_COMPILER_APPICON_NAME = AppIcon;
				ASSETCATALOG_COMPILER_GLOBAL_ACCENT_COLOR_NAME = AccentColor;
				CODE_SIGN_STYLE = Automatic;
				CURRENT_PROJECT_VERSION = 1;
				DEVELOPMENT_TEAM = L74R657XBG;
				GENERATE_INFOPLIST_FILE = YES;
				INFOPLIST_FILE = instagram/Info.plist;
				INFOPLIST_KEY_UIApplicationSupportsIndirectInputEvents = YES;
				INFOPLIST_KEY_UILaunchStoryboardName = LaunchScreen;
				INFOPLIST_KEY_UIMainStoryboardFile = Main;
				INFOPLIST_KEY_UISupportedInterfaceOrientations_iPad = "UIInterfaceOrientationPortrait UIInterfaceOrientationPortraitUpsideDown UIInterfaceOrientationLandscapeLeft UIInterfaceOrientationLandscapeRight";
				INFOPLIST_KEY_UISupportedInterfaceOrientations_iPhone = "UIInterfaceOrientationPortrait UIInterfaceOrientationLandscapeLeft UIInterfaceOrientationLandscapeRight";
				LD_RUNPATH_SEARCH_PATHS = (
					"$(inherited)",
					"@executable_path/Frameworks",
				);
				MARKETING_VERSION = 1.0;
				PRODUCT_BUNDLE_IDENTIFIER = com.luismora.instagram;
				PRODUCT_NAME = "$(TARGET_NAME)";
				SWIFT_EMIT_LOC_STRINGS = YES;
				SWIFT_VERSION = 5.0;
				TARGETED_DEVICE_FAMILY = "1,2";
			};
			name = Debug;
		};
		A092843327D069DF00FAD423 /* Release */ = {
			isa = XCBuildConfiguration;
			baseConfigurationReference = FFCCD6D601501548CF20E1C3 /* Pods-instagram.release.xcconfig */;
			buildSettings = {
				ASSETCATALOG_COMPILER_APPICON_NAME = AppIcon;
				ASSETCATALOG_COMPILER_GLOBAL_ACCENT_COLOR_NAME = AccentColor;
				CODE_SIGN_STYLE = Automatic;
				CURRENT_PROJECT_VERSION = 1;
				DEVELOPMENT_TEAM = L74R657XBG;
				GENERATE_INFOPLIST_FILE = YES;
				INFOPLIST_FILE = instagram/Info.plist;
				INFOPLIST_KEY_UIApplicationSupportsIndirectInputEvents = YES;
				INFOPLIST_KEY_UILaunchStoryboardName = LaunchScreen;
				INFOPLIST_KEY_UIMainStoryboardFile = Main;
				INFOPLIST_KEY_UISupportedInterfaceOrientations_iPad = "UIInterfaceOrientationPortrait UIInterfaceOrientationPortraitUpsideDown UIInterfaceOrientationLandscapeLeft UIInterfaceOrientationLandscapeRight";
				INFOPLIST_KEY_UISupportedInterfaceOrientations_iPhone = "UIInterfaceOrientationPortrait UIInterfaceOrientationLandscapeLeft UIInterfaceOrientationLandscapeRight";
				LD_RUNPATH_SEARCH_PATHS = (
					"$(inherited)",
					"@executable_path/Frameworks",
				);
				MARKETING_VERSION = 1.0;
				PRODUCT_BUNDLE_IDENTIFIER = com.luismora.instagram;
				PRODUCT_NAME = "$(TARGET_NAME)";
				SWIFT_EMIT_LOC_STRINGS = YES;
				SWIFT_VERSION = 5.0;
				TARGETED_DEVICE_FAMILY = "1,2";
			};
			name = Release;
		};
		A092843527D069DF00FAD423 /* Debug */ = {
			isa = XCBuildConfiguration;
			baseConfigurationReference = 58F314C85E653EF792C9AE55 /* Pods-instagramTests.debug.xcconfig */;
			buildSettings = {
				ALWAYS_EMBED_SWIFT_STANDARD_LIBRARIES = YES;
				BUNDLE_LOADER = "$(TEST_HOST)";
				CODE_SIGN_STYLE = Automatic;
				CURRENT_PROJECT_VERSION = 1;
				DEVELOPMENT_TEAM = L74R657XBG;
				GENERATE_INFOPLIST_FILE = YES;
				IPHONEOS_DEPLOYMENT_TARGET = 15.2;
				MARKETING_VERSION = 1.0;
				PRODUCT_BUNDLE_IDENTIFIER = com.luismora.instagramTests;
				PRODUCT_NAME = "$(TARGET_NAME)";
				SWIFT_EMIT_LOC_STRINGS = NO;
				SWIFT_VERSION = 5.0;
				TARGETED_DEVICE_FAMILY = "1,2";
				TEST_HOST = "$(BUILT_PRODUCTS_DIR)/instagram.app/instagram";
			};
			name = Debug;
		};
		A092843627D069DF00FAD423 /* Release */ = {
			isa = XCBuildConfiguration;
			baseConfigurationReference = D5C39E1BCEEC279CF716F49C /* Pods-instagramTests.release.xcconfig */;
			buildSettings = {
				ALWAYS_EMBED_SWIFT_STANDARD_LIBRARIES = YES;
				BUNDLE_LOADER = "$(TEST_HOST)";
				CODE_SIGN_STYLE = Automatic;
				CURRENT_PROJECT_VERSION = 1;
				DEVELOPMENT_TEAM = L74R657XBG;
				GENERATE_INFOPLIST_FILE = YES;
				IPHONEOS_DEPLOYMENT_TARGET = 15.2;
				MARKETING_VERSION = 1.0;
				PRODUCT_BUNDLE_IDENTIFIER = com.luismora.instagramTests;
				PRODUCT_NAME = "$(TARGET_NAME)";
				SWIFT_EMIT_LOC_STRINGS = NO;
				SWIFT_VERSION = 5.0;
				TARGETED_DEVICE_FAMILY = "1,2";
				TEST_HOST = "$(BUILT_PRODUCTS_DIR)/instagram.app/instagram";
			};
			name = Release;
		};
		A092843827D069DF00FAD423 /* Debug */ = {
			isa = XCBuildConfiguration;
			baseConfigurationReference = 34D35B5936A1CE1F90139598 /* Pods-instagram-instagramUITests.debug.xcconfig */;
			buildSettings = {
				ALWAYS_EMBED_SWIFT_STANDARD_LIBRARIES = YES;
				CODE_SIGN_STYLE = Automatic;
				CURRENT_PROJECT_VERSION = 1;
				DEVELOPMENT_TEAM = L74R657XBG;
				GENERATE_INFOPLIST_FILE = YES;
				MARKETING_VERSION = 1.0;
				PRODUCT_BUNDLE_IDENTIFIER = com.luismora.instagramUITests;
				PRODUCT_NAME = "$(TARGET_NAME)";
				SWIFT_EMIT_LOC_STRINGS = NO;
				SWIFT_VERSION = 5.0;
				TARGETED_DEVICE_FAMILY = "1,2";
				TEST_TARGET_NAME = instagram;
			};
			name = Debug;
		};
		A092843927D069DF00FAD423 /* Release */ = {
			isa = XCBuildConfiguration;
			baseConfigurationReference = 7B4C4C38921745143BD6667D /* Pods-instagram-instagramUITests.release.xcconfig */;
			buildSettings = {
				ALWAYS_EMBED_SWIFT_STANDARD_LIBRARIES = YES;
				CODE_SIGN_STYLE = Automatic;
				CURRENT_PROJECT_VERSION = 1;
				DEVELOPMENT_TEAM = L74R657XBG;
				GENERATE_INFOPLIST_FILE = YES;
				MARKETING_VERSION = 1.0;
				PRODUCT_BUNDLE_IDENTIFIER = com.luismora.instagramUITests;
				PRODUCT_NAME = "$(TARGET_NAME)";
				SWIFT_EMIT_LOC_STRINGS = NO;
				SWIFT_VERSION = 5.0;
				TARGETED_DEVICE_FAMILY = "1,2";
				TEST_TARGET_NAME = instagram;
			};
			name = Release;
		};
/* End XCBuildConfiguration section */

/* Begin XCConfigurationList section */
		A092840227D069DD00FAD423 /* Build configuration list for PBXProject "instagram" */ = {
			isa = XCConfigurationList;
			buildConfigurations = (
				A092842F27D069DF00FAD423 /* Debug */,
				A092843027D069DF00FAD423 /* Release */,
			);
			defaultConfigurationIsVisible = 0;
			defaultConfigurationName = Release;
		};
		A092843127D069DF00FAD423 /* Build configuration list for PBXNativeTarget "instagram" */ = {
			isa = XCConfigurationList;
			buildConfigurations = (
				A092843227D069DF00FAD423 /* Debug */,
				A092843327D069DF00FAD423 /* Release */,
			);
			defaultConfigurationIsVisible = 0;
			defaultConfigurationName = Release;
		};
		A092843427D069DF00FAD423 /* Build configuration list for PBXNativeTarget "instagramTests" */ = {
			isa = XCConfigurationList;
			buildConfigurations = (
				A092843527D069DF00FAD423 /* Debug */,
				A092843627D069DF00FAD423 /* Release */,
			);
			defaultConfigurationIsVisible = 0;
			defaultConfigurationName = Release;
		};
		A092843727D069DF00FAD423 /* Build configuration list for PBXNativeTarget "instagramUITests" */ = {
			isa = XCConfigurationList;
			buildConfigurations = (
				A092843827D069DF00FAD423 /* Debug */,
				A092843927D069DF00FAD423 /* Release */,
			);
			defaultConfigurationIsVisible = 0;
			defaultConfigurationName = Release;
		};
/* End XCConfigurationList section */
	};
	rootObject = A09283FF27D069DD00FAD423 /* Project object */;
}
